// !$*UTF8*$!
{
	archiveVersion = 1;
	classes = {
	};
	objectVersion = 55;
	objects = {

/* Begin PBXBuildFile section */
		61066FD9272F93EA007B0516 /* AppDelegate.swift in Sources */ = {isa = PBXBuildFile; fileRef = 61066FD8272F93EA007B0516 /* AppDelegate.swift */; };
		61066FDB272F93EA007B0516 /* SceneDelegate.swift in Sources */ = {isa = PBXBuildFile; fileRef = 61066FDA272F93EA007B0516 /* SceneDelegate.swift */; };
		61066FDD272F93EA007B0516 /* ViewController.swift in Sources */ = {isa = PBXBuildFile; fileRef = 61066FDC272F93EA007B0516 /* ViewController.swift */; };
		61066FE0272F93EA007B0516 /* Main.storyboard in Resources */ = {isa = PBXBuildFile; fileRef = 61066FDE272F93EA007B0516 /* Main.storyboard */; };
		61066FE2272F93EB007B0516 /* Assets.xcassets in Resources */ = {isa = PBXBuildFile; fileRef = 61066FE1272F93EB007B0516 /* Assets.xcassets */; };
		61066FE5272F93EB007B0516 /* LaunchScreen.storyboard in Resources */ = {isa = PBXBuildFile; fileRef = 61066FE3272F93EB007B0516 /* LaunchScreen.storyboard */; };
		61066FF0272F93EB007B0516 /* ShoppingApplication_TestTests.swift in Sources */ = {isa = PBXBuildFile; fileRef = 61066FEF272F93EB007B0516 /* ShoppingApplication_TestTests.swift */; };
		61066FFA272F93EB007B0516 /* ShoppingApplication_TestUITests.swift in Sources */ = {isa = PBXBuildFile; fileRef = 61066FF9272F93EB007B0516 /* ShoppingApplication_TestUITests.swift */; };
		61066FFC272F93EB007B0516 /* ShoppingApplication_TestUITestsLaunchTests.swift in Sources */ = {isa = PBXBuildFile; fileRef = 61066FFB272F93EB007B0516 /* ShoppingApplication_TestUITestsLaunchTests.swift */; };
/* End PBXBuildFile section */

/* Begin PBXContainerItemProxy section */
		61066FEC272F93EB007B0516 /* PBXContainerItemProxy */ = {
			isa = PBXContainerItemProxy;
			containerPortal = 61066FCD272F93EA007B0516 /* Project object */;
			proxyType = 1;
			remoteGlobalIDString = 61066FD4272F93EA007B0516;
			remoteInfo = "ShoppingApplication-Test";
		};
		61066FF6272F93EB007B0516 /* PBXContainerItemProxy */ = {
			isa = PBXContainerItemProxy;
			containerPortal = 61066FCD272F93EA007B0516 /* Project object */;
			proxyType = 1;
			remoteGlobalIDString = 61066FD4272F93EA007B0516;
			remoteInfo = "ShoppingApplication-Test";
		};
/* End PBXContainerItemProxy section */

/* Begin PBXFileReference section */
		61066FD5272F93EA007B0516 /* ShoppingApplication-Test.app */ = {isa = PBXFileReference; explicitFileType = wrapper.application; includeInIndex = 0; path = "ShoppingApplication-Test.app"; sourceTree = BUILT_PRODUCTS_DIR; };
		61066FD8272F93EA007B0516 /* AppDelegate.swift */ = {isa = PBXFileReference; lastKnownFileType = sourcecode.swift; path = AppDelegate.swift; sourceTree = "<group>"; };
		61066FDA272F93EA007B0516 /* SceneDelegate.swift */ = {isa = PBXFileReference; lastKnownFileType = sourcecode.swift; path = SceneDelegate.swift; sourceTree = "<group>"; };
		61066FDC272F93EA007B0516 /* ViewController.swift */ = {isa = PBXFileReference; lastKnownFileType = sourcecode.swift; path = ViewController.swift; sourceTree = "<group>"; };
		61066FDF272F93EA007B0516 /* Base */ = {isa = PBXFileReference; lastKnownFileType = file.storyboard; name = Base; path = Base.lproj/Main.storyboard; sourceTree = "<group>"; };
		61066FE1272F93EB007B0516 /* Assets.xcassets */ = {isa = PBXFileReference; lastKnownFileType = folder.assetcatalog; path = Assets.xcassets; sourceTree = "<group>"; };
		61066FE4272F93EB007B0516 /* Base */ = {isa = PBXFileReference; lastKnownFileType = file.storyboard; name = Base; path = Base.lproj/LaunchScreen.storyboard; sourceTree = "<group>"; };
		61066FE6272F93EB007B0516 /* Info.plist */ = {isa = PBXFileReference; lastKnownFileType = text.plist.xml; path = Info.plist; sourceTree = "<group>"; };
		61066FEB272F93EB007B0516 /* ShoppingApplication-TestTests.xctest */ = {isa = PBXFileReference; explicitFileType = wrapper.cfbundle; includeInIndex = 0; path = "ShoppingApplication-TestTests.xctest"; sourceTree = BUILT_PRODUCTS_DIR; };
		61066FEF272F93EB007B0516 /* ShoppingApplication_TestTests.swift */ = {isa = PBXFileReference; lastKnownFileType = sourcecode.swift; path = ShoppingApplication_TestTests.swift; sourceTree = "<group>"; };
		61066FF5272F93EB007B0516 /* ShoppingApplication-TestUITests.xctest */ = {isa = PBXFileReference; explicitFileType = wrapper.cfbundle; includeInIndex = 0; path = "ShoppingApplication-TestUITests.xctest"; sourceTree = BUILT_PRODUCTS_DIR; };
		61066FF9272F93EB007B0516 /* ShoppingApplication_TestUITests.swift */ = {isa = PBXFileReference; lastKnownFileType = sourcecode.swift; path = ShoppingApplication_TestUITests.swift; sourceTree = "<group>"; };
		61066FFB272F93EB007B0516 /* ShoppingApplication_TestUITestsLaunchTests.swift */ = {isa = PBXFileReference; lastKnownFileType = sourcecode.swift; path = ShoppingApplication_TestUITestsLaunchTests.swift; sourceTree = "<group>"; };
/* End PBXFileReference section */

/* Begin PBXFrameworksBuildPhase section */
		61066FD2272F93EA007B0516 /* Frameworks */ = {
			isa = PBXFrameworksBuildPhase;
			buildActionMask = 2147483647;
			files = (
			);
			runOnlyForDeploymentPostprocessing = 0;
		};
		61066FE8272F93EB007B0516 /* Frameworks */ = {
			isa = PBXFrameworksBuildPhase;
			buildActionMask = 2147483647;
			files = (
			);
			runOnlyForDeploymentPostprocessing = 0;
		};
		61066FF2272F93EB007B0516 /* Frameworks */ = {
			isa = PBXFrameworksBuildPhase;
			buildActionMask = 2147483647;
			files = (
			);
			runOnlyForDeploymentPostprocessing = 0;
		};
/* End PBXFrameworksBuildPhase section */

/* Begin PBXGroup section */
		61066FCC272F93EA007B0516 = {
			isa = PBXGroup;
			children = (
				61066FD7272F93EA007B0516 /* ShoppingApplication-Test */,
				61066FEE272F93EB007B0516 /* ShoppingApplication-TestTests */,
				61066FF8272F93EB007B0516 /* ShoppingApplication-TestUITests */,
				61066FD6272F93EA007B0516 /* Products */,
			);
			sourceTree = "<group>";
		};
		61066FD6272F93EA007B0516 /* Products */ = {
			isa = PBXGroup;
			children = (
				61066FD5272F93EA007B0516 /* ShoppingApplication-Test.app */,
				61066FEB272F93EB007B0516 /* ShoppingApplication-TestTests.xctest */,
				61066FF5272F93EB007B0516 /* ShoppingApplication-TestUITests.xctest */,
			);
			name = Products;
			sourceTree = "<group>";
		};
		61066FD7272F93EA007B0516 /* ShoppingApplication-Test */ = {
			isa = PBXGroup;
			children = (
				61066FD8272F93EA007B0516 /* AppDelegate.swift */,
				61066FDA272F93EA007B0516 /* SceneDelegate.swift */,
				61066FDC272F93EA007B0516 /* ViewController.swift */,
				61066FDE272F93EA007B0516 /* Main.storyboard */,
				61066FE1272F93EB007B0516 /* Assets.xcassets */,
				61066FE3272F93EB007B0516 /* LaunchScreen.storyboard */,
				61066FE6272F93EB007B0516 /* Info.plist */,
			);
			path = "ShoppingApplication-Test";
			sourceTree = "<group>";
		};
		61066FEE272F93EB007B0516 /* ShoppingApplication-TestTests */ = {
			isa = PBXGroup;
			children = (
				61066FEF272F93EB007B0516 /* ShoppingApplication_TestTests.swift */,
			);
			path = "ShoppingApplication-TestTests";
			sourceTree = "<group>";
		};
		61066FF8272F93EB007B0516 /* ShoppingApplication-TestUITests */ = {
			isa = PBXGroup;
			children = (
				61066FF9272F93EB007B0516 /* ShoppingApplication_TestUITests.swift */,
				61066FFB272F93EB007B0516 /* ShoppingApplication_TestUITestsLaunchTests.swift */,
			);
			path = "ShoppingApplication-TestUITests";
			sourceTree = "<group>";
		};
/* End PBXGroup section */

/* Begin PBXNativeTarget section */
		61066FD4272F93EA007B0516 /* ShoppingApplication-Test */ = {
			isa = PBXNativeTarget;
			buildConfigurationList = 61066FFF272F93EB007B0516 /* Build configuration list for PBXNativeTarget "ShoppingApplication-Test" */;
			buildPhases = (
				61066FD1272F93EA007B0516 /* Sources */,
				61066FD2272F93EA007B0516 /* Frameworks */,
				61066FD3272F93EA007B0516 /* Resources */,
			);
			buildRules = (
			);
			dependencies = (
			);
			name = "ShoppingApplication-Test";
			productName = "ShoppingApplication-Test";
			productReference = 61066FD5272F93EA007B0516 /* ShoppingApplication-Test.app */;
			productType = "com.apple.product-type.application";
		};
		61066FEA272F93EB007B0516 /* ShoppingApplication-TestTests */ = {
			isa = PBXNativeTarget;
			buildConfigurationList = 61067002272F93EB007B0516 /* Build configuration list for PBXNativeTarget "ShoppingApplication-TestTests" */;
			buildPhases = (
				61066FE7272F93EB007B0516 /* Sources */,
				61066FE8272F93EB007B0516 /* Frameworks */,
				61066FE9272F93EB007B0516 /* Resources */,
			);
			buildRules = (
			);
			dependencies = (
				61066FED272F93EB007B0516 /* PBXTargetDependency */,
			);
			name = "ShoppingApplication-TestTests";
			productName = "ShoppingApplication-TestTests";
			productReference = 61066FEB272F93EB007B0516 /* ShoppingApplication-TestTests.xctest */;
			productType = "com.apple.product-type.bundle.unit-test";
		};
		61066FF4272F93EB007B0516 /* ShoppingApplication-TestUITests */ = {
			isa = PBXNativeTarget;
			buildConfigurationList = 61067005272F93EB007B0516 /* Build configuration list for PBXNativeTarget "ShoppingApplication-TestUITests" */;
			buildPhases = (
				61066FF1272F93EB007B0516 /* Sources */,
				61066FF2272F93EB007B0516 /* Frameworks */,
				61066FF3272F93EB007B0516 /* Resources */,
			);
			buildRules = (
			);
			dependencies = (
				61066FF7272F93EB007B0516 /* PBXTargetDependency */,
			);
			name = "ShoppingApplication-TestUITests";
			productName = "ShoppingApplication-TestUITests";
			productReference = 61066FF5272F93EB007B0516 /* ShoppingApplication-TestUITests.xctest */;
			productType = "com.apple.product-type.bundle.ui-testing";
		};
/* End PBXNativeTarget section */

/* Begin PBXProject section */
		61066FCD272F93EA007B0516 /* Project object */ = {
			isa = PBXProject;
			attributes = {
				BuildIndependentTargetsInParallel = 1;
				LastSwiftUpdateCheck = 1310;
				LastUpgradeCheck = 1310;
				TargetAttributes = {
					61066FD4272F93EA007B0516 = {
						CreatedOnToolsVersion = 13.1;
					};
					61066FEA272F93EB007B0516 = {
						CreatedOnToolsVersion = 13.1;
						TestTargetID = 61066FD4272F93EA007B0516;
					};
					61066FF4272F93EB007B0516 = {
						CreatedOnToolsVersion = 13.1;
						TestTargetID = 61066FD4272F93EA007B0516;
					};
				};
			};
			buildConfigurationList = 61066FD0272F93EA007B0516 /* Build configuration list for PBXProject "ShoppingApplication-Test" */;
			compatibilityVersion = "Xcode 13.0";
			developmentRegion = en;
			hasScannedForEncodings = 0;
			knownRegions = (
				en,
				Base,
			);
			mainGroup = 61066FCC272F93EA007B0516;
			productRefGroup = 61066FD6272F93EA007B0516 /* Products */;
			projectDirPath = "";
			projectRoot = "";
			targets = (
				61066FD4272F93EA007B0516 /* ShoppingApplication-Test */,
				61066FEA272F93EB007B0516 /* ShoppingApplication-TestTests */,
				61066FF4272F93EB007B0516 /* ShoppingApplication-TestUITests */,
			);
		};
/* End PBXProject section */

/* Begin PBXResourcesBuildPhase section */
		61066FD3272F93EA007B0516 /* Resources */ = {
			isa = PBXResourcesBuildPhase;
			buildActionMask = 2147483647;
			files = (
				61066FE5272F93EB007B0516 /* LaunchScreen.storyboard in Resources */,
				61066FE2272F93EB007B0516 /* Assets.xcassets in Resources */,
				61066FE0272F93EA007B0516 /* Main.storyboard in Resources */,
			);
			runOnlyForDeploymentPostprocessing = 0;
		};
		61066FE9272F93EB007B0516 /* Resources */ = {
			isa = PBXResourcesBuildPhase;
			buildActionMask = 2147483647;
			files = (
			);
			runOnlyForDeploymentPostprocessing = 0;
		};
		61066FF3272F93EB007B0516 /* Resources */ = {
			isa = PBXResourcesBuildPhase;
			buildActionMask = 2147483647;
			files = (
			);
			runOnlyForDeploymentPostprocessing = 0;
		};
/* End PBXResourcesBuildPhase section */

/* Begin PBXSourcesBuildPhase section */
		61066FD1272F93EA007B0516 /* Sources */ = {
			isa = PBXSourcesBuildPhase;
			buildActionMask = 2147483647;
			files = (
				61066FDD272F93EA007B0516 /* ViewController.swift in Sources */,
				61066FD9272F93EA007B0516 /* AppDelegate.swift in Sources */,
				61066FDB272F93EA007B0516 /* SceneDelegate.swift in Sources */,
			);
			runOnlyForDeploymentPostprocessing = 0;
		};
		61066FE7272F93EB007B0516 /* Sources */ = {
			isa = PBXSourcesBuildPhase;
			buildActionMask = 2147483647;
			files = (
				61066FF0272F93EB007B0516 /* ShoppingApplication_TestTests.swift in Sources */,
			);
			runOnlyForDeploymentPostprocessing = 0;
		};
		61066FF1272F93EB007B0516 /* Sources */ = {
			isa = PBXSourcesBuildPhase;
			buildActionMask = 2147483647;
			files = (
				61066FFA272F93EB007B0516 /* ShoppingApplication_TestUITests.swift in Sources */,
				61066FFC272F93EB007B0516 /* ShoppingApplication_TestUITestsLaunchTests.swift in Sources */,
			);
			runOnlyForDeploymentPostprocessing = 0;
		};
/* End PBXSourcesBuildPhase section */

/* Begin PBXTargetDependency section */
		61066FED272F93EB007B0516 /* PBXTargetDependency */ = {
			isa = PBXTargetDependency;
			target = 61066FD4272F93EA007B0516 /* ShoppingApplication-Test */;
			targetProxy = 61066FEC272F93EB007B0516 /* PBXContainerItemProxy */;
		};
		61066FF7272F93EB007B0516 /* PBXTargetDependency */ = {
			isa = PBXTargetDependency;
			target = 61066FD4272F93EA007B0516 /* ShoppingApplication-Test */;
			targetProxy = 61066FF6272F93EB007B0516 /* PBXContainerItemProxy */;
		};
/* End PBXTargetDependency section */

/* Begin PBXVariantGroup section */
		61066FDE272F93EA007B0516 /* Main.storyboard */ = {
			isa = PBXVariantGroup;
			children = (
				61066FDF272F93EA007B0516 /* Base */,
			);
			name = Main.storyboard;
			sourceTree = "<group>";
		};
		61066FE3272F93EB007B0516 /* LaunchScreen.storyboard */ = {
			isa = PBXVariantGroup;
			children = (
				61066FE4272F93EB007B0516 /* Base */,
			);
			name = LaunchScreen.storyboard;
			sourceTree = "<group>";
		};
/* End PBXVariantGroup section */

/* Begin XCBuildConfiguration section */
		61066FFD272F93EB007B0516 /* Debug */ = {
			isa = XCBuildConfiguration;
			buildSettings = {
				ALWAYS_SEARCH_USER_PATHS = NO;
				CLANG_ANALYZER_NONNULL = YES;
				CLANG_ANALYZER_NUMBER_OBJECT_CONVERSION = YES_AGGRESSIVE;
				CLANG_CXX_LANGUAGE_STANDARD = "gnu++17";
				CLANG_CXX_LIBRARY = "libc++";
				CLANG_ENABLE_MODULES = YES;
				CLANG_ENABLE_OBJC_ARC = YES;
				CLANG_ENABLE_OBJC_WEAK = YES;
				CLANG_WARN_BLOCK_CAPTURE_AUTORELEASING = YES;
				CLANG_WARN_BOOL_CONVERSION = YES;
				CLANG_WARN_COMMA = YES;
				CLANG_WARN_CONSTANT_CONVERSION = YES;
				CLANG_WARN_DEPRECATED_OBJC_IMPLEMENTATIONS = YES;
				CLANG_WARN_DIRECT_OBJC_ISA_USAGE = YES_ERROR;
				CLANG_WARN_DOCUMENTATION_COMMENTS = YES;
				CLANG_WARN_EMPTY_BODY = YES;
				CLANG_WARN_ENUM_CONVERSION = YES;
				CLANG_WARN_INFINITE_RECURSION = YES;
				CLANG_WARN_INT_CONVERSION = YES;
				CLANG_WARN_NON_LITERAL_NULL_CONVERSION = YES;
				CLANG_WARN_OBJC_IMPLICIT_RETAIN_SELF = YES;
				CLANG_WARN_OBJC_LITERAL_CONVERSION = YES;
				CLANG_WARN_OBJC_ROOT_CLASS = YES_ERROR;
				CLANG_WARN_QUOTED_INCLUDE_IN_FRAMEWORK_HEADER = YES;
				CLANG_WARN_RANGE_LOOP_ANALYSIS = YES;
				CLANG_WARN_STRICT_PROTOTYPES = YES;
				CLANG_WARN_SUSPICIOUS_MOVE = YES;
				CLANG_WARN_UNGUARDED_AVAILABILITY = YES_AGGRESSIVE;
				CLANG_WARN_UNREACHABLE_CODE = YES;
				CLANG_WARN__DUPLICATE_METHOD_MATCH = YES;
				COPY_PHASE_STRIP = NO;
				DEBUG_INFORMATION_FORMAT = dwarf;
				ENABLE_STRICT_OBJC_MSGSEND = YES;
				ENABLE_TESTABILITY = YES;
				GCC_C_LANGUAGE_STANDARD = gnu11;
				GCC_DYNAMIC_NO_PIC = NO;
				GCC_NO_COMMON_BLOCKS = YES;
				GCC_OPTIMIZATION_LEVEL = 0;
				GCC_PREPROCESSOR_DEFINITIONS = (
					"DEBUG=1",
					"$(inherited)",
				);
				GCC_WARN_64_TO_32_BIT_CONVERSION = YES;
				GCC_WARN_ABOUT_RETURN_TYPE = YES_ERROR;
				GCC_WARN_UNDECLARED_SELECTOR = YES;
				GCC_WARN_UNINITIALIZED_AUTOS = YES_AGGRESSIVE;
				GCC_WARN_UNUSED_FUNCTION = YES;
				GCC_WARN_UNUSED_VARIABLE = YES;
				IPHONEOS_DEPLOYMENT_TARGET = 15.0;
				MTL_ENABLE_DEBUG_INFO = INCLUDE_SOURCE;
				MTL_FAST_MATH = YES;
				ONLY_ACTIVE_ARCH = YES;
				SDKROOT = iphoneos;
				SWIFT_ACTIVE_COMPILATION_CONDITIONS = DEBUG;
				SWIFT_OPTIMIZATION_LEVEL = "-Onone";
			};
			name = Debug;
		};
		61066FFE272F93EB007B0516 /* Release */ = {
			isa = XCBuildConfiguration;
			buildSettings = {
				ALWAYS_SEARCH_USER_PATHS = NO;
				CLANG_ANALYZER_NONNULL = YES;
				CLANG_ANALYZER_NUMBER_OBJECT_CONVERSION = YES_AGGRESSIVE;
				CLANG_CXX_LANGUAGE_STANDARD = "gnu++17";
				CLANG_CXX_LIBRARY = "libc++";
				CLANG_ENABLE_MODULES = YES;
				CLANG_ENABLE_OBJC_ARC = YES;
				CLANG_ENABLE_OBJC_WEAK = YES;
				CLANG_WARN_BLOCK_CAPTURE_AUTORELEASING = YES;
				CLANG_WARN_BOOL_CONVERSION = YES;
				CLANG_WARN_COMMA = YES;
				CLANG_WARN_CONSTANT_CONVERSION = YES;
				CLANG_WARN_DEPRECATED_OBJC_IMPLEMENTATIONS = YES;
				CLANG_WARN_DIRECT_OBJC_ISA_USAGE = YES_ERROR;
				CLANG_WARN_DOCUMENTATION_COMMENTS = YES;
				CLANG_WARN_EMPTY_BODY = YES;
				CLANG_WARN_ENUM_CONVERSION = YES;
				CLANG_WARN_INFINITE_RECURSION = YES;
				CLANG_WARN_INT_CONVERSION = YES;
				CLANG_WARN_NON_LITERAL_NULL_CONVERSION = YES;
				CLANG_WARN_OBJC_IMPLICIT_RETAIN_SELF = YES;
				CLANG_WARN_OBJC_LITERAL_CONVERSION = YES;
				CLANG_WARN_OBJC_ROOT_CLASS = YES_ERROR;
				CLANG_WARN_QUOTED_INCLUDE_IN_FRAMEWORK_HEADER = YES;
				CLANG_WARN_RANGE_LOOP_ANALYSIS = YES;
				CLANG_WARN_STRICT_PROTOTYPES = YES;
				CLANG_WARN_SUSPICIOUS_MOVE = YES;
				CLANG_WARN_UNGUARDED_AVAILABILITY = YES_AGGRESSIVE;
				CLANG_WARN_UNREACHABLE_CODE = YES;
				CLANG_WARN__DUPLICATE_METHOD_MATCH = YES;
				COPY_PHASE_STRIP = NO;
				DEBUG_INFORMATION_FORMAT = "dwarf-with-dsym";
				ENABLE_NS_ASSERTIONS = NO;
				ENABLE_STRICT_OBJC_MSGSEND = YES;
				GCC_C_LANGUAGE_STANDARD = gnu11;
				GCC_NO_COMMON_BLOCKS = YES;
				GCC_WARN_64_TO_32_BIT_CONVERSION = YES;
				GCC_WARN_ABOUT_RETURN_TYPE = YES_ERROR;
				GCC_WARN_UNDECLARED_SELECTOR = YES;
				GCC_WARN_UNINITIALIZED_AUTOS = YES_AGGRESSIVE;
				GCC_WARN_UNUSED_FUNCTION = YES;
				GCC_WARN_UNUSED_VARIABLE = YES;
				IPHONEOS_DEPLOYMENT_TARGET = 15.0;
				MTL_ENABLE_DEBUG_INFO = NO;
				MTL_FAST_MATH = YES;
				SDKROOT = iphoneos;
				SWIFT_COMPILATION_MODE = wholemodule;
				SWIFT_OPTIMIZATION_LEVEL = "-O";
				VALIDATE_PRODUCT = YES;
			};
			name = Release;
		};
		61067000272F93EB007B0516 /* Debug */ = {
			isa = XCBuildConfiguration;
			buildSettings = {
				ASSETCATALOG_COMPILER_APPICON_NAME = AppIcon;
				ASSETCATALOG_COMPILER_GLOBAL_ACCENT_COLOR_NAME = AccentColor;
				CODE_SIGN_STYLE = Automatic;
				CURRENT_PROJECT_VERSION = 1;
				DEVELOPMENT_TEAM = VWGKA7P8V5;
				GENERATE_INFOPLIST_FILE = YES;
				INFOPLIST_FILE = "ShoppingApplication-Test/Info.plist";
				INFOPLIST_KEY_UIApplicationSupportsIndirectInputEvents = YES;
				INFOPLIST_KEY_UILaunchStoryboardName = LaunchScreen;
				INFOPLIST_KEY_UIMainStoryboardFile = Main;
				INFOPLIST_KEY_UISupportedInterfaceOrientations_iPad = "UIInterfaceOrientationPortrait UIInterfaceOrientationPortraitUpsideDown UIInterfaceOrientationLandscapeLeft UIInterfaceOrientationLandscapeRight";
				INFOPLIST_KEY_UISupportedInterfaceOrientations_iPhone = "UIInterfaceOrientationPortrait UIInterfaceOrientationLandscapeLeft UIInterfaceOrientationLandscapeRight";
				LD_RUNPATH_SEARCH_PATHS = (
					"$(inherited)",
					"@executable_path/Frameworks",
				);
				MARKETING_VERSION = 1.0;
				PRODUCT_BUNDLE_IDENTIFIER = "Test.ShoppingApplication-Test";
				PRODUCT_NAME = "$(TARGET_NAME)";
				SWIFT_EMIT_LOC_STRINGS = YES;
				SWIFT_VERSION = 5.0;
				TARGETED_DEVICE_FAMILY = "1,2";
			};
			name = Debug;
		};
		61067001272F93EB007B0516 /* Release */ = {
			isa = XCBuildConfiguration;
			buildSettings = {
				ASSETCATALOG_COMPILER_APPICON_NAME = AppIcon;
				ASSETCATALOG_COMPILER_GLOBAL_ACCENT_COLOR_NAME = AccentColor;
				CODE_SIGN_STYLE = Automatic;
				CURRENT_PROJECT_VERSION = 1;
				DEVELOPMENT_TEAM = VWGKA7P8V5;
				GENERATE_INFOPLIST_FILE = YES;
				INFOPLIST_FILE = "ShoppingApplication-Test/Info.plist";
				INFOPLIST_KEY_UIApplicationSupportsIndirectInputEvents = YES;
				INFOPLIST_KEY_UILaunchStoryboardName = LaunchScreen;
				INFOPLIST_KEY_UIMainStoryboardFile = Main;
				INFOPLIST_KEY_UISupportedInterfaceOrientations_iPad = "UIInterfaceOrientationPortrait UIInterfaceOrientationPortraitUpsideDown UIInterfaceOrientationLandscapeLeft UIInterfaceOrientationLandscapeRight";
				INFOPLIST_KEY_UISupportedInterfaceOrientations_iPhone = "UIInterfaceOrientationPortrait UIInterfaceOrientationLandscapeLeft UIInterfaceOrientationLandscapeRight";
				LD_RUNPATH_SEARCH_PATHS = (
					"$(inherited)",
					"@executable_path/Frameworks",
				);
				MARKETING_VERSION = 1.0;
				PRODUCT_BUNDLE_IDENTIFIER = "Test.ShoppingApplication-Test";
				PRODUCT_NAME = "$(TARGET_NAME)";
				SWIFT_EMIT_LOC_STRINGS = YES;
				SWIFT_VERSION = 5.0;
				TARGETED_DEVICE_FAMILY = "1,2";
			};
			name = Release;
		};
		61067003272F93EB007B0516 /* Debug */ = {
			isa = XCBuildConfiguration;
			buildSettings = {
				ALWAYS_EMBED_SWIFT_STANDARD_LIBRARIES = YES;
				BUNDLE_LOADER = "$(TEST_HOST)";
				CODE_SIGN_STYLE = Automatic;
				CURRENT_PROJECT_VERSION = 1;
				DEVELOPMENT_TEAM = VWGKA7P8V5;
				GENERATE_INFOPLIST_FILE = YES;
				IPHONEOS_DEPLOYMENT_TARGET = 15.0;
				LD_RUNPATH_SEARCH_PATHS = (
					"$(inherited)",
					"@executable_path/Frameworks",
					"@loader_path/Frameworks",
				);
				MARKETING_VERSION = 1.0;
				PRODUCT_BUNDLE_IDENTIFIER = "Test.ShoppingApplication-TestTests";
				PRODUCT_NAME = "$(TARGET_NAME)";
				SWIFT_EMIT_LOC_STRINGS = NO;
				SWIFT_VERSION = 5.0;
				TARGETED_DEVICE_FAMILY = "1,2";
				TEST_HOST = "$(BUILT_PRODUCTS_DIR)/ShoppingApplication-Test.app/ShoppingApplication-Test";
			};
			name = Debug;
		};
		61067004272F93EB007B0516 /* Release */ = {
			isa = XCBuildConfiguration;
			buildSettings = {
				ALWAYS_EMBED_SWIFT_STANDARD_LIBRARIES = YES;
				BUNDLE_LOADER = "$(TEST_HOST)";
				CODE_SIGN_STYLE = Automatic;
				CURRENT_PROJECT_VERSION = 1;
				DEVELOPMENT_TEAM = VWGKA7P8V5;
				GENERATE_INFOPLIST_FILE = YES;
				IPHONEOS_DEPLOYMENT_TARGET = 15.0;
				LD_RUNPATH_SEARCH_PATHS = (
					"$(inherited)",
					"@executable_path/Frameworks",
					"@loader_path/Frameworks",
				);
				MARKETING_VERSION = 1.0;
				PRODUCT_BUNDLE_IDENTIFIER = "Test.ShoppingApplication-TestTests";
				PRODUCT_NAME = "$(TARGET_NAME)";
				SWIFT_EMIT_LOC_STRINGS = NO;
				SWIFT_VERSION = 5.0;
				TARGETED_DEVICE_FAMILY = "1,2";
				TEST_HOST = "$(BUILT_PRODUCTS_DIR)/ShoppingApplication-Test.app/ShoppingApplication-Test";
			};
			name = Release;
		};
		61067006272F93EB007B0516 /* Debug */ = {
			isa = XCBuildConfiguration;
			buildSettings = {
				ALWAYS_EMBED_SWIFT_STANDARD_LIBRARIES = YES;
				CODE_SIGN_STYLE = Automatic;
				CURRENT_PROJECT_VERSION = 1;
				DEVELOPMENT_TEAM = VWGKA7P8V5;
				GENERATE_INFOPLIST_FILE = YES;
				LD_RUNPATH_SEARCH_PATHS = (
					"$(inherited)",
					"@executable_path/Frameworks",
					"@loader_path/Frameworks",
				);
				MARKETING_VERSION = 1.0;
				PRODUCT_BUNDLE_IDENTIFIER = "Test.ShoppingApplication-TestUITests";
				PRODUCT_NAME = "$(TARGET_NAME)";
				SWIFT_EMIT_LOC_STRINGS = NO;
				SWIFT_VERSION = 5.0;
				TARGETED_DEVICE_FAMILY = "1,2";
				TEST_TARGET_NAME = "ShoppingApplication-Test";
			};
			name = Debug;
		};
		61067007272F93EB007B0516 /* Release */ = {
			isa = XCBuildConfiguration;
			buildSettings = {
				ALWAYS_EMBED_SWIFT_STANDARD_LIBRARIES = YES;
				CODE_SIGN_STYLE = Automatic;
				CURRENT_PROJECT_VERSION = 1;
				DEVELOPMENT_TEAM = VWGKA7P8V5;
				GENERATE_INFOPLIST_FILE = YES;
				LD_RUNPATH_SEARCH_PATHS = (
					"$(inherited)",
					"@executable_path/Frameworks",
					"@loader_path/Frameworks",
				);
				MARKETING_VERSION = 1.0;
				PRODUCT_BUNDLE_IDENTIFIER = "Test.ShoppingApplication-TestUITests";
				PRODUCT_NAME = "$(TARGET_NAME)";
				SWIFT_EMIT_LOC_STRINGS = NO;
				SWIFT_VERSION = 5.0;
				TARGETED_DEVICE_FAMILY = "1,2";
				TEST_TARGET_NAME = "ShoppingApplication-Test";
			};
			name = Release;
		};
/* End XCBuildConfiguration section */

/* Begin XCConfigurationList section */
		61066FD0272F93EA007B0516 /* Build configuration list for PBXProject "ShoppingApplication-Test" */ = {
			isa = XCConfigurationList;
			buildConfigurations = (
				61066FFD272F93EB007B0516 /* Debug */,
				61066FFE272F93EB007B0516 /* Release */,
			);
			defaultConfigurationIsVisible = 0;
			defaultConfigurationName = Release;
		};
		61066FFF272F93EB007B0516 /* Build configuration list for PBXNativeTarget "ShoppingApplication-Test" */ = {
			isa = XCConfigurationList;
			buildConfigurations = (
				61067000272F93EB007B0516 /* Debug */,
				61067001272F93EB007B0516 /* Release */,
			);
			defaultConfigurationIsVisible = 0;
			defaultConfigurationName = Release;
		};
		61067002272F93EB007B0516 /* Build configuration list for PBXNativeTarget "ShoppingApplication-TestTests" */ = {
			isa = XCConfigurationList;
			buildConfigurations = (
				61067003272F93EB007B0516 /* Debug */,
				61067004272F93EB007B0516 /* Release */,
			);
			defaultConfigurationIsVisible = 0;
			defaultConfigurationName = Release;
		};
		61067005272F93EB007B0516 /* Build configuration list for PBXNativeTarget "ShoppingApplication-TestUITests" */ = {
			isa = XCConfigurationList;
			buildConfigurations = (
				61067006272F93EB007B0516 /* Debug */,
				61067007272F93EB007B0516 /* Release */,
			);
			defaultConfigurationIsVisible = 0;
			defaultConfigurationName = Release;
		};
/* End XCConfigurationList section */
	};
	rootObject = 61066FCD272F93EA007B0516 /* Project object */;
}
